
Microsoft Visual Studio Solution File, Format Version 12.00
Project("{FAE04EC0-301F-11D3-BF4B-00C04F79EFBC}") = "OpenAPI.WorldGenerator", "OpenAPI.WorldGenerator\OpenAPI.WorldGenerator.csproj", "{FBADFB00-7F29-47C0-A37F-21CAD7AB297D}"
EndProject
Project("{FAE04EC0-301F-11D3-BF4B-00C04F79EFBC}") = "WorldGenerator.Tweaking", "WorldGenerator.Tweaking\WorldGenerator.Tweaking.csproj", "{2AB15C83-8F60-4D20-A8E0-2158B1C01E25}"
EndProject
Project("{FAE04EC0-301F-11D3-BF4B-00C04F79EFBC}") = "MiMap.Viewer.DesktopGL", "MiMap.Viewer.DesktopGL\MiMap.Viewer.DesktopGL.csproj", "{EE6B11E1-77BF-4CD6-B98B-4B01F2B68163}"
EndProject
Project("{2150E333-8FDC-42A3-9474-1A3956D46DE8}") = "MiMap.Viewer", "MiMap.Viewer", "{DB562C1B-F240-4832-8355-F6B3AA19608D}"
EndProject
Project("{FAE04EC0-301F-11D3-BF4B-00C04F79EFBC}") = "MiMap.Viewer.Element", "MiMap.Viewer.Element\MiMap.Viewer.Element.csproj", "{6568E523-7999-4751-926D-DAF38F3EA62D}"
EndProject
Project("{FAE04EC0-301F-11D3-BF4B-00C04F79EFBC}") = "ElementEngine", "submodules\ElementEngine\ElementEngine.csproj", "{7EC00713-86EC-4E58-8AC7-3904B830557F}"
EndProject
Global
	GlobalSection(SolutionConfigurationPlatforms) = preSolution
		Debug|Any CPU = Debug|Any CPU
		Release|Any CPU = Release|Any CPU
	EndGlobalSection
	GlobalSection(ProjectConfigurationPlatforms) = postSolution
		{FBADFB00-7F29-47C0-A37F-21CAD7AB297D}.Debug|Any CPU.ActiveCfg = Debug|Any CPU
		{FBADFB00-7F29-47C0-A37F-21CAD7AB297D}.Debug|Any CPU.Build.0 = Debug|Any CPU
		{FBADFB00-7F29-47C0-A37F-21CAD7AB297D}.Release|Any CPU.ActiveCfg = Release|Any CPU
		{FBADFB00-7F29-47C0-A37F-21CAD7AB297D}.Release|Any CPU.Build.0 = Release|Any CPU
		{2AB15C83-8F60-4D20-A8E0-2158B1C01E25}.Debug|Any CPU.ActiveCfg = Debug|Any CPU
		{2AB15C83-8F60-4D20-A8E0-2158B1C01E25}.Debug|Any CPU.Build.0 = Debug|Any CPU
		{2AB15C83-8F60-4D20-A8E0-2158B1C01E25}.Release|Any CPU.ActiveCfg = Release|Any CPU
		{2AB15C83-8F60-4D20-A8E0-2158B1C01E25}.Release|Any CPU.Build.0 = Release|Any CPU
		{EE6B11E1-77BF-4CD6-B98B-4B01F2B68163}.Debug|Any CPU.ActiveCfg = Debug|Any CPU
		{EE6B11E1-77BF-4CD6-B98B-4B01F2B68163}.Debug|Any CPU.Build.0 = Debug|Any CPU
		{EE6B11E1-77BF-4CD6-B98B-4B01F2B68163}.Release|Any CPU.ActiveCfg = Release|Any CPU
		{EE6B11E1-77BF-4CD6-B98B-4B01F2B68163}.Release|Any CPU.Build.0 = Release|Any CPU
		{6568E523-7999-4751-926D-DAF38F3EA62D}.Debug|Any CPU.ActiveCfg = Debug|Any CPU
		{6568E523-7999-4751-926D-DAF38F3EA62D}.Debug|Any CPU.Build.0 = Debug|Any CPU
		{6568E523-7999-4751-926D-DAF38F3EA62D}.Release|Any CPU.ActiveCfg = Release|Any CPU
		{6568E523-7999-4751-926D-DAF38F3EA62D}.Release|Any CPU.Build.0 = Release|Any CPU
		{7EC00713-86EC-4E58-8AC7-3904B830557F}.Debug|Any CPU.ActiveCfg = Debug|Any CPU
		{7EC00713-86EC-4E58-8AC7-3904B830557F}.Debug|Any CPU.Build.0 = Debug|Any CPU
		{7EC00713-86EC-4E58-8AC7-3904B830557F}.Release|Any CPU.ActiveCfg = Release|Any CPU
		{7EC00713-86EC-4E58-8AC7-3904B830557F}.Release|Any CPU.Build.0 = Release|Any CPU
	EndGlobalSection
	GlobalSection(NestedProjects) = preSolution
		{EE6B11E1-77BF-4CD6-B98B-4B01F2B68163} = {DB562C1B-F240-4832-8355-F6B3AA19608D}
		{6568E523-7999-4751-926D-DAF38F3EA62D} = {DB562C1B-F240-4832-8355-F6B3AA19608D}
		{7EC00713-86EC-4E58-8AC7-3904B830557F} = {DB562C1B-F240-4832-8355-F6B3AA19608D}
	EndGlobalSection
EndGlobal
